
Microsoft Visual Studio Solution File, Format Version 12.00
# Visual Studio Version 18
VisualStudioVersion = 18.6.11709.129 insiders
MinimumVisualStudioVersion = 10.0.40219.1
Project("{FAE04EC0-301F-11D3-BF4B-00C04F79EFBC}") = "SheetsSearchApp", "SheetsSearchApp.csproj", "{F3B8FA0A-FB6D-B67E-1EB7-794E0F3617A6}"
EndProject
Global
	GlobalSection(SolutionConfigurationPlatforms) = preSolution
		Debug|Any CPU = Debug|Any CPU
		Release|Any CPU = Release|Any CPU
	EndGlobalSection
	GlobalSection(ProjectConfigurationPlatforms) = postSolution
		{F3B8FA0A-FB6D-B67E-1EB7-794E0F3617A6}.Debug|Any CPU.ActiveCfg = Debug|Any CPU
		{F3B8FA0A-FB6D-B67E-1EB7-794E0F3617A6}.Debug|Any CPU.Build.0 = Debug|Any CPU
		{F3B8FA0A-FB6D-B67E-1EB7-794E0F3617A6}.Release|Any CPU.ActiveCfg = Release|Any CPU
		{F3B8FA0A-FB6D-B67E-1EB7-794E0F3617A6}.Release|Any CPU.Build.0 = Release|Any CPU
	EndGlobalSection
	GlobalSection(SolutionProperties) = preSolution
		HideSolutionNode = FALSE
	EndGlobalSection
	GlobalSection(ExtensibilityGlobals) = postSolution
		SolutionGuid = {5513729D-FE9B-4CAD-9FCB-683D3948A7BD}
	EndGlobalSection
EndGlobal
